
Microsoft Visual Studio Solution File, Format Version 12.00
# Visual Studio Version 17
VisualStudioVersion = 17.7.34202.233
MinimumVisualStudioVersion = 10.0.40219.1
Project("{FAE04EC0-301F-11D3-BF4B-00C04F79EFBC}") = "TMS-Project", "TMS-Project.csproj", "{2AF6B890-8102-4008-9186-DBB35BDA819A}"
EndProject
Project("{FAE04EC0-301F-11D3-BF4B-00C04F79EFBC}") = "unitTest-tms", "..\unitTest-tms\unitTest-tms.csproj", "{381FF2D7-AC78-416B-B2FF-26C9AD163D63}"
EndProject
Global
	GlobalSection(SolutionConfigurationPlatforms) = preSolution
		Debug|Any CPU = Debug|Any CPU
		Release|Any CPU = Release|Any CPU
	EndGlobalSection
	GlobalSection(ProjectConfigurationPlatforms) = postSolution
		{2AF6B890-8102-4008-9186-DBB35BDA819A}.Debug|Any CPU.ActiveCfg = Debug|Any CPU
		{2AF6B890-8102-4008-9186-DBB35BDA819A}.Debug|Any CPU.Build.0 = Debug|Any CPU
		{2AF6B890-8102-4008-9186-DBB35BDA819A}.Release|Any CPU.ActiveCfg = Release|Any CPU
		{2AF6B890-8102-4008-9186-DBB35BDA819A}.Release|Any CPU.Build.0 = Release|Any CPU
		{381FF2D7-AC78-416B-B2FF-26C9AD163D63}.Debug|Any CPU.ActiveCfg = Debug|Any CPU
		{381FF2D7-AC78-416B-B2FF-26C9AD163D63}.Debug|Any CPU.Build.0 = Debug|Any CPU
		{381FF2D7-AC78-416B-B2FF-26C9AD163D63}.Release|Any CPU.ActiveCfg = Release|Any CPU
		{381FF2D7-AC78-416B-B2FF-26C9AD163D63}.Release|Any CPU.Build.0 = Release|Any CPU
	EndGlobalSection
	GlobalSection(SolutionProperties) = preSolution
		HideSolutionNode = FALSE
	EndGlobalSection
	GlobalSection(ExtensibilityGlobals) = postSolution
		SolutionGuid = {D717F3D8-90AC-4186-9E7A-9CBA8499678B}
	EndGlobalSection
EndGlobal
